
Microsoft Visual Studio Solution File, Format Version 12.00
Project("{FAE04EC0-301F-11D3-BF4B-00C04F79EFBC}") = "UploadService", "UploadService\UploadService.csproj", "{28406BB5-BFF5-4E32-8026-D2D991F33071}"
EndProject
Project("{2150E333-8FDC-42A3-9474-1A3956D46DE8}") = "Designs", "Designs", "{E5978A9E-FAB8-4F7B-8735-6CCBDCBFD639}"
	ProjectSection(SolutionItems) = preProject
		..\..\docs\Designs\1.Context.puml = ..\..\docs\Designs\1.Context.puml
		..\..\docs\Designs\2.Container.puml = ..\..\docs\Designs\2.Container.puml
		..\..\docs\Designs\3.Component.puml = ..\..\docs\Designs\3.Component.puml
	EndProjectSection
EndProject
Global
	GlobalSection(SolutionConfigurationPlatforms) = preSolution
		Debug|Any CPU = Debug|Any CPU
		Release|Any CPU = Release|Any CPU
	EndGlobalSection
	GlobalSection(ProjectConfigurationPlatforms) = postSolution
		{28406BB5-BFF5-4E32-8026-D2D991F33071}.Debug|Any CPU.ActiveCfg = Debug|Any CPU
		{28406BB5-BFF5-4E32-8026-D2D991F33071}.Debug|Any CPU.Build.0 = Debug|Any CPU
		{28406BB5-BFF5-4E32-8026-D2D991F33071}.Release|Any CPU.ActiveCfg = Release|Any CPU
		{28406BB5-BFF5-4E32-8026-D2D991F33071}.Release|Any CPU.Build.0 = Release|Any CPU
	EndGlobalSection
EndGlobal
